// !$*UTF8*$!
{
	archiveVersion = 1;
	classes = {
	};
	objectVersion = 56;
	objects = {

/* Begin PBXBuildFile section */
		09EC26052B59BE9B00F3CC79 /* AppDelegate.swift in Sources */ = {isa = PBXBuildFile; fileRef = 09EC26042B59BE9B00F3CC79 /* AppDelegate.swift */; };
		09EC26072B59BE9B00F3CC79 /* SceneDelegate.swift in Sources */ = {isa = PBXBuildFile; fileRef = 09EC26062B59BE9B00F3CC79 /* SceneDelegate.swift */; };
		09EC26092B59BE9B00F3CC79 /* ImageGalleryViewController.swift in Sources */ = {isa = PBXBuildFile; fileRef = 09EC26082B59BE9B00F3CC79 /* ImageGalleryViewController.swift */; };
		09EC260C2B59BE9B00F3CC79 /* Main.storyboard in Resources */ = {isa = PBXBuildFile; fileRef = 09EC260A2B59BE9B00F3CC79 /* Main.storyboard */; };
		09EC260E2B59BE9C00F3CC79 /* Assets.xcassets in Resources */ = {isa = PBXBuildFile; fileRef = 09EC260D2B59BE9C00F3CC79 /* Assets.xcassets */; };
		09EC26112B59BE9C00F3CC79 /* LaunchScreen.storyboard in Resources */ = {isa = PBXBuildFile; fileRef = 09EC260F2B59BE9C00F3CC79 /* LaunchScreen.storyboard */; };
		09EC261D2B5AB01C00F3CC79 /* ImageGalleryPresenter.swift in Sources */ = {isa = PBXBuildFile; fileRef = 09EC261C2B5AB01C00F3CC79 /* ImageGalleryPresenter.swift */; };
		09EC26272B5AB99F00F3CC79 /* ImageGalleryCollectionViewCell.swift in Sources */ = {isa = PBXBuildFile; fileRef = 09EC26252B5AB99F00F3CC79 /* ImageGalleryCollectionViewCell.swift */; };
		09EC26282B5AB99F00F3CC79 /* ImageGalleryCollectionViewCell.xib in Resources */ = {isa = PBXBuildFile; fileRef = 09EC26262B5AB99F00F3CC79 /* ImageGalleryCollectionViewCell.xib */; };
		09EC262A2B5AFAE900F3CC79 /* ImageModel.swift in Sources */ = {isa = PBXBuildFile; fileRef = 09EC26292B5AFAE900F3CC79 /* ImageModel.swift */; };
/* End PBXBuildFile section */

/* Begin PBXFileReference section */
		09EC26012B59BE9B00F3CC79 /* GalleryApp.app */ = {isa = PBXFileReference; explicitFileType = wrapper.application; includeInIndex = 0; path = GalleryApp.app; sourceTree = BUILT_PRODUCTS_DIR; };
		09EC26042B59BE9B00F3CC79 /* AppDelegate.swift */ = {isa = PBXFileReference; lastKnownFileType = sourcecode.swift; path = AppDelegate.swift; sourceTree = "<group>"; };
		09EC26062B59BE9B00F3CC79 /* SceneDelegate.swift */ = {isa = PBXFileReference; lastKnownFileType = sourcecode.swift; path = SceneDelegate.swift; sourceTree = "<group>"; };
		09EC26082B59BE9B00F3CC79 /* ImageGalleryViewController.swift */ = {isa = PBXFileReference; lastKnownFileType = sourcecode.swift; path = ImageGalleryViewController.swift; sourceTree = "<group>"; };
		09EC260B2B59BE9B00F3CC79 /* Base */ = {isa = PBXFileReference; lastKnownFileType = file.storyboard; name = Base; path = Base.lproj/Main.storyboard; sourceTree = "<group>"; };
		09EC260D2B59BE9C00F3CC79 /* Assets.xcassets */ = {isa = PBXFileReference; lastKnownFileType = folder.assetcatalog; path = Assets.xcassets; sourceTree = "<group>"; };
		09EC26102B59BE9C00F3CC79 /* Base */ = {isa = PBXFileReference; lastKnownFileType = file.storyboard; name = Base; path = Base.lproj/LaunchScreen.storyboard; sourceTree = "<group>"; };
		09EC26122B59BE9C00F3CC79 /* Info.plist */ = {isa = PBXFileReference; lastKnownFileType = text.plist.xml; path = Info.plist; sourceTree = "<group>"; };
		09EC261C2B5AB01C00F3CC79 /* ImageGalleryPresenter.swift */ = {isa = PBXFileReference; lastKnownFileType = sourcecode.swift; path = ImageGalleryPresenter.swift; sourceTree = "<group>"; };
		09EC26252B5AB99F00F3CC79 /* ImageGalleryCollectionViewCell.swift */ = {isa = PBXFileReference; lastKnownFileType = sourcecode.swift; path = ImageGalleryCollectionViewCell.swift; sourceTree = "<group>"; };
		09EC26262B5AB99F00F3CC79 /* ImageGalleryCollectionViewCell.xib */ = {isa = PBXFileReference; lastKnownFileType = file.xib; path = ImageGalleryCollectionViewCell.xib; sourceTree = "<group>"; };
		09EC26292B5AFAE900F3CC79 /* ImageModel.swift */ = {isa = PBXFileReference; lastKnownFileType = sourcecode.swift; path = ImageModel.swift; sourceTree = "<group>"; };
/* End PBXFileReference section */

/* Begin PBXFrameworksBuildPhase section */
		09EC25FE2B59BE9B00F3CC79 /* Frameworks */ = {
			isa = PBXFrameworksBuildPhase;
			buildActionMask = 2147483647;
			files = (
			);
			runOnlyForDeploymentPostprocessing = 0;
		};
/* End PBXFrameworksBuildPhase section */

/* Begin PBXGroup section */
		09EC25F82B59BE9B00F3CC79 = {
			isa = PBXGroup;
			children = (
				09EC26032B59BE9B00F3CC79 /* GalleryApp */,
				09EC26022B59BE9B00F3CC79 /* Products */,
			);
			sourceTree = "<group>";
		};
		09EC26022B59BE9B00F3CC79 /* Products */ = {
			isa = PBXGroup;
			children = (
				09EC26012B59BE9B00F3CC79 /* GalleryApp.app */,
			);
			name = Products;
			sourceTree = "<group>";
		};
		09EC26032B59BE9B00F3CC79 /* GalleryApp */ = {
			isa = PBXGroup;
			children = (
				09EC261B2B59BFEF00F3CC79 /* Model */,
				09EC26192B59BFD300F3CC79 /* View */,
				09EC261A2B59BFDA00F3CC79 /* Presenter */,
				09EC260D2B59BE9C00F3CC79 /* Assets.xcassets */,
				09EC26182B59BF7800F3CC79 /* Application */,
				09EC260F2B59BE9C00F3CC79 /* LaunchScreen.storyboard */,
				09EC26122B59BE9C00F3CC79 /* Info.plist */,
			);
			path = GalleryApp;
			sourceTree = "<group>";
		};
		09EC26182B59BF7800F3CC79 /* Application */ = {
			isa = PBXGroup;
			children = (
				09EC26042B59BE9B00F3CC79 /* AppDelegate.swift */,
				09EC26062B59BE9B00F3CC79 /* SceneDelegate.swift */,
			);
			path = Application;
			sourceTree = "<group>";
		};
		09EC26192B59BFD300F3CC79 /* View */ = {
			isa = PBXGroup;
			children = (
				09EC26242B5AB97D00F3CC79 /* CollectionViewCell */,
				09EC26082B59BE9B00F3CC79 /* ImageGalleryViewController.swift */,
				09EC260A2B59BE9B00F3CC79 /* Main.storyboard */,
			);
			path = View;
			sourceTree = "<group>";
		};
		09EC261A2B59BFDA00F3CC79 /* Presenter */ = {
			isa = PBXGroup;
			children = (
				09EC261C2B5AB01C00F3CC79 /* ImageGalleryPresenter.swift */,
			);
			path = Presenter;
			sourceTree = "<group>";
		};
		09EC261B2B59BFEF00F3CC79 /* Model */ = {
			isa = PBXGroup;
			children = (
				09EC26292B5AFAE900F3CC79 /* ImageModel.swift */,
			);
			path = Model;
			sourceTree = "<group>";
		};
		09EC26242B5AB97D00F3CC79 /* CollectionViewCell */ = {
			isa = PBXGroup;
			children = (
				09EC26252B5AB99F00F3CC79 /* ImageGalleryCollectionViewCell.swift */,
				09EC26262B5AB99F00F3CC79 /* ImageGalleryCollectionViewCell.xib */,
			);
			path = CollectionViewCell;
			sourceTree = "<group>";
		};
/* End PBXGroup section */

/* Begin PBXNativeTarget section */
		09EC26002B59BE9B00F3CC79 /* GalleryApp */ = {
			isa = PBXNativeTarget;
			buildConfigurationList = 09EC26152B59BE9C00F3CC79 /* Build configuration list for PBXNativeTarget "GalleryApp" */;
			buildPhases = (
				09EC25FD2B59BE9B00F3CC79 /* Sources */,
				09EC25FE2B59BE9B00F3CC79 /* Frameworks */,
				09EC25FF2B59BE9B00F3CC79 /* Resources */,
			);
			buildRules = (
			);
			dependencies = (
			);
			name = GalleryApp;
			productName = GalleryApp;
			productReference = 09EC26012B59BE9B00F3CC79 /* GalleryApp.app */;
			productType = "com.apple.product-type.application";
		};
/* End PBXNativeTarget section */

/* Begin PBXProject section */
		09EC25F92B59BE9B00F3CC79 /* Project object */ = {
			isa = PBXProject;
			attributes = {
				BuildIndependentTargetsInParallel = 1;
				LastSwiftUpdateCheck = 1500;
				LastUpgradeCheck = 1500;
				TargetAttributes = {
					09EC26002B59BE9B00F3CC79 = {
						CreatedOnToolsVersion = 15.0;
					};
				};
			};
			buildConfigurationList = 09EC25FC2B59BE9B00F3CC79 /* Build configuration list for PBXProject "GalleryApp" */;
			compatibilityVersion = "Xcode 14.0";
			developmentRegion = en;
			hasScannedForEncodings = 0;
			knownRegions = (
				en,
				Base,
			);
			mainGroup = 09EC25F82B59BE9B00F3CC79;
			productRefGroup = 09EC26022B59BE9B00F3CC79 /* Products */;
			projectDirPath = "";
			projectRoot = "";
			targets = (
				09EC26002B59BE9B00F3CC79 /* GalleryApp */,
			);
		};
/* End PBXProject section */

/* Begin PBXResourcesBuildPhase section */
		09EC25FF2B59BE9B00F3CC79 /* Resources */ = {
			isa = PBXResourcesBuildPhase;
			buildActionMask = 2147483647;
			files = (
				09EC26112B59BE9C00F3CC79 /* LaunchScreen.storyboard in Resources */,
				09EC26282B5AB99F00F3CC79 /* ImageGalleryCollectionViewCell.xib in Resources */,
				09EC260E2B59BE9C00F3CC79 /* Assets.xcassets in Resources */,
				09EC260C2B59BE9B00F3CC79 /* Main.storyboard in Resources */,
			);
			runOnlyForDeploymentPostprocessing = 0;
		};
/* End PBXResourcesBuildPhase section */

/* Begin PBXSourcesBuildPhase section */
		09EC25FD2B59BE9B00F3CC79 /* Sources */ = {
			isa = PBXSourcesBuildPhase;
			buildActionMask = 2147483647;
			files = (
				09EC26092B59BE9B00F3CC79 /* ImageGalleryViewController.swift in Sources */,
				09EC262A2B5AFAE900F3CC79 /* ImageModel.swift in Sources */,
				09EC261D2B5AB01C00F3CC79 /* ImageGalleryPresenter.swift in Sources */,
				09EC26272B5AB99F00F3CC79 /* ImageGalleryCollectionViewCell.swift in Sources */,
				09EC26052B59BE9B00F3CC79 /* AppDelegate.swift in Sources */,
				09EC26072B59BE9B00F3CC79 /* SceneDelegate.swift in Sources */,
			);
			runOnlyForDeploymentPostprocessing = 0;
		};
/* End PBXSourcesBuildPhase section */

/* Begin PBXVariantGroup section */
		09EC260A2B59BE9B00F3CC79 /* Main.storyboard */ = {
			isa = PBXVariantGroup;
			children = (
				09EC260B2B59BE9B00F3CC79 /* Base */,
			);
			name = Main.storyboard;
			sourceTree = "<group>";
		};
		09EC260F2B59BE9C00F3CC79 /* LaunchScreen.storyboard */ = {
			isa = PBXVariantGroup;
			children = (
				09EC26102B59BE9C00F3CC79 /* Base */,
			);
			name = LaunchScreen.storyboard;
			sourceTree = "<group>";
		};
/* End PBXVariantGroup section */

/* Begin XCBuildConfiguration section */
		09EC26132B59BE9C00F3CC79 /* Debug */ = {
			isa = XCBuildConfiguration;
			buildSettings = {
				ALWAYS_SEARCH_USER_PATHS = NO;
				ASSETCATALOG_COMPILER_GENERATE_SWIFT_ASSET_SYMBOL_EXTENSIONS = YES;
				CLANG_ANALYZER_NONNULL = YES;
				CLANG_ANALYZER_NUMBER_OBJECT_CONVERSION = YES_AGGRESSIVE;
				CLANG_CXX_LANGUAGE_STANDARD = "gnu++20";
				CLANG_ENABLE_MODULES = YES;
				CLANG_ENABLE_OBJC_ARC = YES;
				CLANG_ENABLE_OBJC_WEAK = YES;
				CLANG_WARN_BLOCK_CAPTURE_AUTORELEASING = YES;
				CLANG_WARN_BOOL_CONVERSION = YES;
				CLANG_WARN_COMMA = YES;
				CLANG_WARN_CONSTANT_CONVERSION = YES;
				CLANG_WARN_DEPRECATED_OBJC_IMPLEMENTATIONS = YES;
				CLANG_WARN_DIRECT_OBJC_ISA_USAGE = YES_ERROR;
				CLANG_WARN_DOCUMENTATION_COMMENTS = YES;
				CLANG_WARN_EMPTY_BODY = YES;
				CLANG_WARN_ENUM_CONVERSION = YES;
				CLANG_WARN_INFINITE_RECURSION = YES;
				CLANG_WARN_INT_CONVERSION = YES;
				CLANG_WARN_NON_LITERAL_NULL_CONVERSION = YES;
				CLANG_WARN_OBJC_IMPLICIT_RETAIN_SELF = YES;
				CLANG_WARN_OBJC_LITERAL_CONVERSION = YES;
				CLANG_WARN_OBJC_ROOT_CLASS = YES_ERROR;
				CLANG_WARN_QUOTED_INCLUDE_IN_FRAMEWORK_HEADER = YES;
				CLANG_WARN_RANGE_LOOP_ANALYSIS = YES;
				CLANG_WARN_STRICT_PROTOTYPES = YES;
				CLANG_WARN_SUSPICIOUS_MOVE = YES;
				CLANG_WARN_UNGUARDED_AVAILABILITY = YES_AGGRESSIVE;
				CLANG_WARN_UNREACHABLE_CODE = YES;
				CLANG_WARN__DUPLICATE_METHOD_MATCH = YES;
				COPY_PHASE_STRIP = NO;
				DEBUG_INFORMATION_FORMAT = dwarf;
				ENABLE_STRICT_OBJC_MSGSEND = YES;
				ENABLE_TESTABILITY = YES;
				ENABLE_USER_SCRIPT_SANDBOXING = YES;
				GCC_C_LANGUAGE_STANDARD = gnu17;
				GCC_DYNAMIC_NO_PIC = NO;
				GCC_NO_COMMON_BLOCKS = YES;
				GCC_OPTIMIZATION_LEVEL = 0;
				GCC_PREPROCESSOR_DEFINITIONS = (
					"DEBUG=1",
					"$(inherited)",
				);
				GCC_WARN_64_TO_32_BIT_CONVERSION = YES;
				GCC_WARN_ABOUT_RETURN_TYPE = YES_ERROR;
				GCC_WARN_UNDECLARED_SELECTOR = YES;
				GCC_WARN_UNINITIALIZED_AUTOS = YES_AGGRESSIVE;
				GCC_WARN_UNUSED_FUNCTION = YES;
				GCC_WARN_UNUSED_VARIABLE = YES;
				IPHONEOS_DEPLOYMENT_TARGET = 17.0;
				LOCALIZATION_PREFERS_STRING_CATALOGS = YES;
				MTL_ENABLE_DEBUG_INFO = INCLUDE_SOURCE;
				MTL_FAST_MATH = YES;
				ONLY_ACTIVE_ARCH = YES;
				SDKROOT = iphoneos;
				SWIFT_ACTIVE_COMPILATION_CONDITIONS = "DEBUG $(inherited)";
				SWIFT_OPTIMIZATION_LEVEL = "-Onone";
			};
			name = Debug;
		};
		09EC26142B59BE9C00F3CC79 /* Release */ = {
			isa = XCBuildConfiguration;
			buildSettings = {
				ALWAYS_SEARCH_USER_PATHS = NO;
				ASSETCATALOG_COMPILER_GENERATE_SWIFT_ASSET_SYMBOL_EXTENSIONS = YES;
				CLANG_ANALYZER_NONNULL = YES;
				CLANG_ANALYZER_NUMBER_OBJECT_CONVERSION = YES_AGGRESSIVE;
				CLANG_CXX_LANGUAGE_STANDARD = "gnu++20";
				CLANG_ENABLE_MODULES = YES;
				CLANG_ENABLE_OBJC_ARC = YES;
				CLANG_ENABLE_OBJC_WEAK = YES;
				CLANG_WARN_BLOCK_CAPTURE_AUTORELEASING = YES;
				CLANG_WARN_BOOL_CONVERSION = YES;
				CLANG_WARN_COMMA = YES;
				CLANG_WARN_CONSTANT_CONVERSION = YES;
				CLANG_WARN_DEPRECATED_OBJC_IMPLEMENTATIONS = YES;
				CLANG_WARN_DIRECT_OBJC_ISA_USAGE = YES_ERROR;
				CLANG_WARN_DOCUMENTATION_COMMENTS = YES;
				CLANG_WARN_EMPTY_BODY = YES;
				CLANG_WARN_ENUM_CONVERSION = YES;
				CLANG_WARN_INFINITE_RECURSION = YES;
				CLANG_WARN_INT_CONVERSION = YES;
				CLANG_WARN_NON_LITERAL_NULL_CONVERSION = YES;
				CLANG_WARN_OBJC_IMPLICIT_RETAIN_SELF = YES;
				CLANG_WARN_OBJC_LITERAL_CONVERSION = YES;
				CLANG_WARN_OBJC_ROOT_CLASS = YES_ERROR;
				CLANG_WARN_QUOTED_INCLUDE_IN_FRAMEWORK_HEADER = YES;
				CLANG_WARN_RANGE_LOOP_ANALYSIS = YES;
				CLANG_WARN_STRICT_PROTOTYPES = YES;
				CLANG_WARN_SUSPICIOUS_MOVE = YES;
				CLANG_WARN_UNGUARDED_AVAILABILITY = YES_AGGRESSIVE;
				CLANG_WARN_UNREACHABLE_CODE = YES;
				CLANG_WARN__DUPLICATE_METHOD_MATCH = YES;
				COPY_PHASE_STRIP = NO;
				DEBUG_INFORMATION_FORMAT = "dwarf-with-dsym";
				ENABLE_NS_ASSERTIONS = NO;
				ENABLE_STRICT_OBJC_MSGSEND = YES;
				ENABLE_USER_SCRIPT_SANDBOXING = YES;
				GCC_C_LANGUAGE_STANDARD = gnu17;
				GCC_NO_COMMON_BLOCKS = YES;
				GCC_WARN_64_TO_32_BIT_CONVERSION = YES;
				GCC_WARN_ABOUT_RETURN_TYPE = YES_ERROR;
				GCC_WARN_UNDECLARED_SELECTOR = YES;
				GCC_WARN_UNINITIALIZED_AUTOS = YES_AGGRESSIVE;
				GCC_WARN_UNUSED_FUNCTION = YES;
				GCC_WARN_UNUSED_VARIABLE = YES;
				IPHONEOS_DEPLOYMENT_TARGET = 17.0;
				LOCALIZATION_PREFERS_STRING_CATALOGS = YES;
				MTL_ENABLE_DEBUG_INFO = NO;
				MTL_FAST_MATH = YES;
				SDKROOT = iphoneos;
				SWIFT_COMPILATION_MODE = wholemodule;
				VALIDATE_PRODUCT = YES;
			};
			name = Release;
		};
		09EC26162B59BE9C00F3CC79 /* Debug */ = {
			isa = XCBuildConfiguration;
			buildSettings = {
				ASSETCATALOG_COMPILER_APPICON_NAME = AppIcon;
				ASSETCATALOG_COMPILER_GLOBAL_ACCENT_COLOR_NAME = AccentColor;
				CODE_SIGN_STYLE = Automatic;
				CURRENT_PROJECT_VERSION = 1;
				DEVELOPMENT_TEAM = JH326RM538;
				GENERATE_INFOPLIST_FILE = YES;
				INFOPLIST_FILE = GalleryApp/Info.plist;
				INFOPLIST_KEY_UIApplicationSupportsIndirectInputEvents = YES;
				INFOPLIST_KEY_UILaunchStoryboardName = LaunchScreen;
				INFOPLIST_KEY_UIMainStoryboardFile = Main;
				INFOPLIST_KEY_UISupportedInterfaceOrientations_iPad = "UIInterfaceOrientationPortrait UIInterfaceOrientationPortraitUpsideDown UIInterfaceOrientationLandscapeLeft UIInterfaceOrientationLandscapeRight";
				INFOPLIST_KEY_UISupportedInterfaceOrientations_iPhone = "UIInterfaceOrientationPortrait UIInterfaceOrientationLandscapeLeft UIInterfaceOrientationLandscapeRight";
				IPHONEOS_DEPLOYMENT_TARGET = 13.0;
				LD_RUNPATH_SEARCH_PATHS = (
					"$(inherited)",
					"@executable_path/Frameworks",
				);
				MARKETING_VERSION = 1.0;
				PRODUCT_BUNDLE_IDENTIFIER = com.DALI.GalleryApp;
				PRODUCT_NAME = "$(TARGET_NAME)";
				SWIFT_EMIT_LOC_STRINGS = YES;
				SWIFT_VERSION = 5.0;
				TARGETED_DEVICE_FAMILY = "1,2";
			};
			name = Debug;
		};
		09EC26172B59BE9C00F3CC79 /* Release */ = {
			isa = XCBuildConfiguration;
			buildSettings = {
				ASSETCATALOG_COMPILER_APPICON_NAME = AppIcon;
				ASSETCATALOG_COMPILER_GLOBAL_ACCENT_COLOR_NAME = AccentColor;
				CODE_SIGN_STYLE = Automatic;
				CURRENT_PROJECT_VERSION = 1;
				DEVELOPMENT_TEAM = JH326RM538;
				GENERATE_INFOPLIST_FILE = YES;
				INFOPLIST_FILE = GalleryApp/Info.plist;
				INFOPLIST_KEY_UIApplicationSupportsIndirectInputEvents = YES;
				INFOPLIST_KEY_UILaunchStoryboardName = LaunchScreen;
				INFOPLIST_KEY_UIMainStoryboardFile = Main;
				INFOPLIST_KEY_UISupportedInterfaceOrientations_iPad = "UIInterfaceOrientationPortrait UIInterfaceOrientationPortraitUpsideDown UIInterfaceOrientationLandscapeLeft UIInterfaceOrientationLandscapeRight";
				INFOPLIST_KEY_UISupportedInterfaceOrientations_iPhone = "UIInterfaceOrientationPortrait UIInterfaceOrientationLandscapeLeft UIInterfaceOrientationLandscapeRight";
				IPHONEOS_DEPLOYMENT_TARGET = 13.0;
				LD_RUNPATH_SEARCH_PATHS = (
					"$(inherited)",
					"@executable_path/Frameworks",
				);
				MARKETING_VERSION = 1.0;
				PRODUCT_BUNDLE_IDENTIFIER = com.DALI.GalleryApp;
				PRODUCT_NAME = "$(TARGET_NAME)";
				SWIFT_EMIT_LOC_STRINGS = YES;
				SWIFT_VERSION = 5.0;
				TARGETED_DEVICE_FAMILY = "1,2";
			};
			name = Release;
		};
/* End XCBuildConfiguration section */

/* Begin XCConfigurationList section */
		09EC25FC2B59BE9B00F3CC79 /* Build configuration list for PBXProject "GalleryApp" */ = {
			isa = XCConfigurationList;
			buildConfigurations = (
				09EC26132B59BE9C00F3CC79 /* Debug */,
				09EC26142B59BE9C00F3CC79 /* Release */,
			);
			defaultConfigurationIsVisible = 0;
			defaultConfigurationName = Release;
		};
		09EC26152B59BE9C00F3CC79 /* Build configuration list for PBXNativeTarget "GalleryApp" */ = {
			isa = XCConfigurationList;
			buildConfigurations = (
				09EC26162B59BE9C00F3CC79 /* Debug */,
				09EC26172B59BE9C00F3CC79 /* Release */,
			);
			defaultConfigurationIsVisible = 0;
			defaultConfigurationName = Release;
		};
/* End XCConfigurationList section */
	};
	rootObject = 09EC25F92B59BE9B00F3CC79 /* Project object */;
}
